
Microsoft Visual Studio Solution File, Format Version 12.00
# Visual Studio Version 17
VisualStudioVersion = 17.13.35919.96 d17.13
MinimumVisualStudioVersion = 10.0.40219.1
Project("{FAE04EC0-301F-11D3-BF4B-00C04F79EFBC}") = "CloudQa", "CloudQa\CloudQa.csproj", "{D296B6B8-D32A-4789-8939-01FA9D87AFB7}"
EndProject
Global
	GlobalSection(SolutionConfigurationPlatforms) = preSolution
		Debug|Any CPU = Debug|Any CPU
		Release|Any CPU = Release|Any CPU
	EndGlobalSection
	GlobalSection(ProjectConfigurationPlatforms) = postSolution
		{D296B6B8-D32A-4789-8939-01FA9D87AFB7}.Debug|Any CPU.ActiveCfg = Debug|Any CPU
		{D296B6B8-D32A-4789-8939-01FA9D87AFB7}.Debug|Any CPU.Build.0 = Debug|Any CPU
		{D296B6B8-D32A-4789-8939-01FA9D87AFB7}.Release|Any CPU.ActiveCfg = Release|Any CPU
		{D296B6B8-D32A-4789-8939-01FA9D87AFB7}.Release|Any CPU.Build.0 = Release|Any CPU
	EndGlobalSection
	GlobalSection(SolutionProperties) = preSolution
		HideSolutionNode = FALSE
	EndGlobalSection
	GlobalSection(ExtensibilityGlobals) = postSolution
		SolutionGuid = {B0812B72-EF7D-4112-A0D4-0E024EF84113}
	EndGlobalSection
EndGlobal
